
Microsoft Visual Studio Solution File, Format Version 12.00
# Visual Studio Version 17
VisualStudioVersion = 17.6.33723.286
MinimumVisualStudioVersion = 10.0.40219.1
Project("{FAE04EC0-301F-11D3-BF4B-00C04F79EFBC}") = "CourseHomework", "CourseHomework\CourseHomework.csproj", "{91398438-301C-45F7-A518-3F18612E2ED8}"
EndProject
Global
	GlobalSection(SolutionConfigurationPlatforms) = preSolution
		Debug|Any CPU = Debug|Any CPU
		Release|Any CPU = Release|Any CPU
	EndGlobalSection
	GlobalSection(ProjectConfigurationPlatforms) = postSolution
		{91398438-301C-45F7-A518-3F18612E2ED8}.Debug|Any CPU.ActiveCfg = Debug|Any CPU
		{91398438-301C-45F7-A518-3F18612E2ED8}.Debug|Any CPU.Build.0 = Debug|Any CPU
		{91398438-301C-45F7-A518-3F18612E2ED8}.Release|Any CPU.ActiveCfg = Release|Any CPU
		{91398438-301C-45F7-A518-3F18612E2ED8}.Release|Any CPU.Build.0 = Release|Any CPU
	EndGlobalSection
	GlobalSection(SolutionProperties) = preSolution
		HideSolutionNode = FALSE
	EndGlobalSection
	GlobalSection(ExtensibilityGlobals) = postSolution
		SolutionGuid = {A3AC7E9E-A08E-4D15-898B-3B76AC2B855F}
	EndGlobalSection
EndGlobal
